// !$*UTF8*$!
{
	archiveVersion = 1;
	classes = {
	};
	objectVersion = 56;
	objects = {

/* Begin PBXBuildFile section */
		493AB0612CC024D1008ABA00 /* ShimmeringTextApp.swift in Sources */ = {isa = PBXBuildFile; fileRef = 493AB0602CC024D1008ABA00 /* ShimmeringTextApp.swift */; };
		493AB0632CC024D1008ABA00 /* ContentView.swift in Sources */ = {isa = PBXBuildFile; fileRef = 493AB0622CC024D1008ABA00 /* ContentView.swift */; };
		493AB0652CC024D2008ABA00 /* Assets.xcassets in Resources */ = {isa = PBXBuildFile; fileRef = 493AB0642CC024D2008ABA00 /* Assets.xcassets */; };
		493AB0682CC024D2008ABA00 /* Preview Assets.xcassets in Resources */ = {isa = PBXBuildFile; fileRef = 493AB0672CC024D2008ABA00 /* Preview Assets.xcassets */; };
		493AB0722CC024D2008ABA00 /* ShimmeringTextTests.swift in Sources */ = {isa = PBXBuildFile; fileRef = 493AB0712CC024D2008ABA00 /* ShimmeringTextTests.swift */; };
		493AB07C2CC024D2008ABA00 /* ShimmeringTextUITests.swift in Sources */ = {isa = PBXBuildFile; fileRef = 493AB07B2CC024D2008ABA00 /* ShimmeringTextUITests.swift */; };
		493AB07E2CC024D2008ABA00 /* ShimmeringTextUITestsLaunchTests.swift in Sources */ = {isa = PBXBuildFile; fileRef = 493AB07D2CC024D2008ABA00 /* ShimmeringTextUITestsLaunchTests.swift */; };
/* End PBXBuildFile section */

/* Begin PBXContainerItemProxy section */
		493AB06E2CC024D2008ABA00 /* PBXContainerItemProxy */ = {
			isa = PBXContainerItemProxy;
			containerPortal = 493AB0552CC024D1008ABA00 /* Project object */;
			proxyType = 1;
			remoteGlobalIDString = 493AB05C2CC024D1008ABA00;
			remoteInfo = ShimmeringText;
		};
		493AB0782CC024D2008ABA00 /* PBXContainerItemProxy */ = {
			isa = PBXContainerItemProxy;
			containerPortal = 493AB0552CC024D1008ABA00 /* Project object */;
			proxyType = 1;
			remoteGlobalIDString = 493AB05C2CC024D1008ABA00;
			remoteInfo = ShimmeringText;
		};
/* End PBXContainerItemProxy section */

/* Begin PBXFileReference section */
		493AB05D2CC024D1008ABA00 /* ShimmeringText.app */ = {isa = PBXFileReference; explicitFileType = wrapper.application; includeInIndex = 0; path = ShimmeringText.app; sourceTree = BUILT_PRODUCTS_DIR; };
		493AB0602CC024D1008ABA00 /* ShimmeringTextApp.swift */ = {isa = PBXFileReference; lastKnownFileType = sourcecode.swift; path = ShimmeringTextApp.swift; sourceTree = "<group>"; };
		493AB0622CC024D1008ABA00 /* ContentView.swift */ = {isa = PBXFileReference; lastKnownFileType = sourcecode.swift; path = ContentView.swift; sourceTree = "<group>"; };
		493AB0642CC024D2008ABA00 /* Assets.xcassets */ = {isa = PBXFileReference; lastKnownFileType = folder.assetcatalog; path = Assets.xcassets; sourceTree = "<group>"; };
		493AB0672CC024D2008ABA00 /* Preview Assets.xcassets */ = {isa = PBXFileReference; lastKnownFileType = folder.assetcatalog; path = "Preview Assets.xcassets"; sourceTree = "<group>"; };
		493AB06D2CC024D2008ABA00 /* ShimmeringTextTests.xctest */ = {isa = PBXFileReference; explicitFileType = wrapper.cfbundle; includeInIndex = 0; path = ShimmeringTextTests.xctest; sourceTree = BUILT_PRODUCTS_DIR; };
		493AB0712CC024D2008ABA00 /* ShimmeringTextTests.swift */ = {isa = PBXFileReference; lastKnownFileType = sourcecode.swift; path = ShimmeringTextTests.swift; sourceTree = "<group>"; };
		493AB0772CC024D2008ABA00 /* ShimmeringTextUITests.xctest */ = {isa = PBXFileReference; explicitFileType = wrapper.cfbundle; includeInIndex = 0; path = ShimmeringTextUITests.xctest; sourceTree = BUILT_PRODUCTS_DIR; };
		493AB07B2CC024D2008ABA00 /* ShimmeringTextUITests.swift */ = {isa = PBXFileReference; lastKnownFileType = sourcecode.swift; path = ShimmeringTextUITests.swift; sourceTree = "<group>"; };
		493AB07D2CC024D2008ABA00 /* ShimmeringTextUITestsLaunchTests.swift */ = {isa = PBXFileReference; lastKnownFileType = sourcecode.swift; path = ShimmeringTextUITestsLaunchTests.swift; sourceTree = "<group>"; };
/* End PBXFileReference section */

/* Begin PBXFrameworksBuildPhase section */
		493AB05A2CC024D1008ABA00 /* Frameworks */ = {
			isa = PBXFrameworksBuildPhase;
			buildActionMask = 2147483647;
			files = (
			);
			runOnlyForDeploymentPostprocessing = 0;
		};
		493AB06A2CC024D2008ABA00 /* Frameworks */ = {
			isa = PBXFrameworksBuildPhase;
			buildActionMask = 2147483647;
			files = (
			);
			runOnlyForDeploymentPostprocessing = 0;
		};
		493AB0742CC024D2008ABA00 /* Frameworks */ = {
			isa = PBXFrameworksBuildPhase;
			buildActionMask = 2147483647;
			files = (
			);
			runOnlyForDeploymentPostprocessing = 0;
		};
/* End PBXFrameworksBuildPhase section */

/* Begin PBXGroup section */
		493AB0542CC024D1008ABA00 = {
			isa = PBXGroup;
			children = (
				493AB05F2CC024D1008ABA00 /* ShimmeringText */,
				493AB0702CC024D2008ABA00 /* ShimmeringTextTests */,
				493AB07A2CC024D2008ABA00 /* ShimmeringTextUITests */,
				493AB05E2CC024D1008ABA00 /* Products */,
			);
			sourceTree = "<group>";
		};
		493AB05E2CC024D1008ABA00 /* Products */ = {
			isa = PBXGroup;
			children = (
				493AB05D2CC024D1008ABA00 /* ShimmeringText.app */,
				493AB06D2CC024D2008ABA00 /* ShimmeringTextTests.xctest */,
				493AB0772CC024D2008ABA00 /* ShimmeringTextUITests.xctest */,
			);
			name = Products;
			sourceTree = "<group>";
		};
		493AB05F2CC024D1008ABA00 /* ShimmeringText */ = {
			isa = PBXGroup;
			children = (
				493AB0602CC024D1008ABA00 /* ShimmeringTextApp.swift */,
				493AB0622CC024D1008ABA00 /* ContentView.swift */,
				493AB0642CC024D2008ABA00 /* Assets.xcassets */,
				493AB0662CC024D2008ABA00 /* Preview Content */,
			);
			path = ShimmeringText;
			sourceTree = "<group>";
		};
		493AB0662CC024D2008ABA00 /* Preview Content */ = {
			isa = PBXGroup;
			children = (
				493AB0672CC024D2008ABA00 /* Preview Assets.xcassets */,
			);
			path = "Preview Content";
			sourceTree = "<group>";
		};
		493AB0702CC024D2008ABA00 /* ShimmeringTextTests */ = {
			isa = PBXGroup;
			children = (
				493AB0712CC024D2008ABA00 /* ShimmeringTextTests.swift */,
			);
			path = ShimmeringTextTests;
			sourceTree = "<group>";
		};
		493AB07A2CC024D2008ABA00 /* ShimmeringTextUITests */ = {
			isa = PBXGroup;
			children = (
				493AB07B2CC024D2008ABA00 /* ShimmeringTextUITests.swift */,
				493AB07D2CC024D2008ABA00 /* ShimmeringTextUITestsLaunchTests.swift */,
			);
			path = ShimmeringTextUITests;
			sourceTree = "<group>";
		};
/* End PBXGroup section */

/* Begin PBXNativeTarget section */
		493AB05C2CC024D1008ABA00 /* ShimmeringText */ = {
			isa = PBXNativeTarget;
			buildConfigurationList = 493AB0812CC024D2008ABA00 /* Build configuration list for PBXNativeTarget "ShimmeringText" */;
			buildPhases = (
				493AB0592CC024D1008ABA00 /* Sources */,
				493AB05A2CC024D1008ABA00 /* Frameworks */,
				493AB05B2CC024D1008ABA00 /* Resources */,
			);
			buildRules = (
			);
			dependencies = (
			);
			name = ShimmeringText;
			productName = ShimmeringText;
			productReference = 493AB05D2CC024D1008ABA00 /* ShimmeringText.app */;
			productType = "com.apple.product-type.application";
		};
		493AB06C2CC024D2008ABA00 /* ShimmeringTextTests */ = {
			isa = PBXNativeTarget;
			buildConfigurationList = 493AB0842CC024D2008ABA00 /* Build configuration list for PBXNativeTarget "ShimmeringTextTests" */;
			buildPhases = (
				493AB0692CC024D2008ABA00 /* Sources */,
				493AB06A2CC024D2008ABA00 /* Frameworks */,
				493AB06B2CC024D2008ABA00 /* Resources */,
			);
			buildRules = (
			);
			dependencies = (
				493AB06F2CC024D2008ABA00 /* PBXTargetDependency */,
			);
			name = ShimmeringTextTests;
			productName = ShimmeringTextTests;
			productReference = 493AB06D2CC024D2008ABA00 /* ShimmeringTextTests.xctest */;
			productType = "com.apple.product-type.bundle.unit-test";
		};
		493AB0762CC024D2008ABA00 /* ShimmeringTextUITests */ = {
			isa = PBXNativeTarget;
			buildConfigurationList = 493AB0872CC024D2008ABA00 /* Build configuration list for PBXNativeTarget "ShimmeringTextUITests" */;
			buildPhases = (
				493AB0732CC024D2008ABA00 /* Sources */,
				493AB0742CC024D2008ABA00 /* Frameworks */,
				493AB0752CC024D2008ABA00 /* Resources */,
			);
			buildRules = (
			);
			dependencies = (
				493AB0792CC024D2008ABA00 /* PBXTargetDependency */,
			);
			name = ShimmeringTextUITests;
			productName = ShimmeringTextUITests;
			productReference = 493AB0772CC024D2008ABA00 /* ShimmeringTextUITests.xctest */;
			productType = "com.apple.product-type.bundle.ui-testing";
		};
/* End PBXNativeTarget section */

/* Begin PBXProject section */
		493AB0552CC024D1008ABA00 /* Project object */ = {
			isa = PBXProject;
			attributes = {
				BuildIndependentTargetsInParallel = 1;
				LastSwiftUpdateCheck = 1510;
				LastUpgradeCheck = 1510;
				TargetAttributes = {
					493AB05C2CC024D1008ABA00 = {
						CreatedOnToolsVersion = 15.1;
					};
					493AB06C2CC024D2008ABA00 = {
						CreatedOnToolsVersion = 15.1;
						TestTargetID = 493AB05C2CC024D1008ABA00;
					};
					493AB0762CC024D2008ABA00 = {
						CreatedOnToolsVersion = 15.1;
						TestTargetID = 493AB05C2CC024D1008ABA00;
					};
				};
			};
			buildConfigurationList = 493AB0582CC024D1008ABA00 /* Build configuration list for PBXProject "ShimmeringText" */;
			compatibilityVersion = "Xcode 14.0";
			developmentRegion = en;
			hasScannedForEncodings = 0;
			knownRegions = (
				en,
				Base,
			);
			mainGroup = 493AB0542CC024D1008ABA00;
			productRefGroup = 493AB05E2CC024D1008ABA00 /* Products */;
			projectDirPath = "";
			projectRoot = "";
			targets = (
				493AB05C2CC024D1008ABA00 /* ShimmeringText */,
				493AB06C2CC024D2008ABA00 /* ShimmeringTextTests */,
				493AB0762CC024D2008ABA00 /* ShimmeringTextUITests */,
			);
		};
/* End PBXProject section */

/* Begin PBXResourcesBuildPhase section */
		493AB05B2CC024D1008ABA00 /* Resources */ = {
			isa = PBXResourcesBuildPhase;
			buildActionMask = 2147483647;
			files = (
				493AB0682CC024D2008ABA00 /* Preview Assets.xcassets in Resources */,
				493AB0652CC024D2008ABA00 /* Assets.xcassets in Resources */,
			);
			runOnlyForDeploymentPostprocessing = 0;
		};
		493AB06B2CC024D2008ABA00 /* Resources */ = {
			isa = PBXResourcesBuildPhase;
			buildActionMask = 2147483647;
			files = (
			);
			runOnlyForDeploymentPostprocessing = 0;
		};
		493AB0752CC024D2008ABA00 /* Resources */ = {
			isa = PBXResourcesBuildPhase;
			buildActionMask = 2147483647;
			files = (
			);
			runOnlyForDeploymentPostprocessing = 0;
		};
/* End PBXResourcesBuildPhase section */

/* Begin PBXSourcesBuildPhase section */
		493AB0592CC024D1008ABA00 /* Sources */ = {
			isa = PBXSourcesBuildPhase;
			buildActionMask = 2147483647;
			files = (
				493AB0632CC024D1008ABA00 /* ContentView.swift in Sources */,
				493AB0612CC024D1008ABA00 /* ShimmeringTextApp.swift in Sources */,
			);
			runOnlyForDeploymentPostprocessing = 0;
		};
		493AB0692CC024D2008ABA00 /* Sources */ = {
			isa = PBXSourcesBuildPhase;
			buildActionMask = 2147483647;
			files = (
				493AB0722CC024D2008ABA00 /* ShimmeringTextTests.swift in Sources */,
			);
			runOnlyForDeploymentPostprocessing = 0;
		};
		493AB0732CC024D2008ABA00 /* Sources */ = {
			isa = PBXSourcesBuildPhase;
			buildActionMask = 2147483647;
			files = (
				493AB07E2CC024D2008ABA00 /* ShimmeringTextUITestsLaunchTests.swift in Sources */,
				493AB07C2CC024D2008ABA00 /* ShimmeringTextUITests.swift in Sources */,
			);
			runOnlyForDeploymentPostprocessing = 0;
		};
/* End PBXSourcesBuildPhase section */

/* Begin PBXTargetDependency section */
		493AB06F2CC024D2008ABA00 /* PBXTargetDependency */ = {
			isa = PBXTargetDependency;
			target = 493AB05C2CC024D1008ABA00 /* ShimmeringText */;
			targetProxy = 493AB06E2CC024D2008ABA00 /* PBXContainerItemProxy */;
		};
		493AB0792CC024D2008ABA00 /* PBXTargetDependency */ = {
			isa = PBXTargetDependency;
			target = 493AB05C2CC024D1008ABA00 /* ShimmeringText */;
			targetProxy = 493AB0782CC024D2008ABA00 /* PBXContainerItemProxy */;
		};
/* End PBXTargetDependency section */

/* Begin XCBuildConfiguration section */
		493AB07F2CC024D2008ABA00 /* Debug */ = {
			isa = XCBuildConfiguration;
			buildSettings = {
				ALWAYS_SEARCH_USER_PATHS = NO;
				ASSETCATALOG_COMPILER_GENERATE_SWIFT_ASSET_SYMBOL_EXTENSIONS = YES;
				CLANG_ANALYZER_NONNULL = YES;
				CLANG_ANALYZER_NUMBER_OBJECT_CONVERSION = YES_AGGRESSIVE;
				CLANG_CXX_LANGUAGE_STANDARD = "gnu++20";
				CLANG_ENABLE_MODULES = YES;
				CLANG_ENABLE_OBJC_ARC = YES;
				CLANG_ENABLE_OBJC_WEAK = YES;
				CLANG_WARN_BLOCK_CAPTURE_AUTORELEASING = YES;
				CLANG_WARN_BOOL_CONVERSION = YES;
				CLANG_WARN_COMMA = YES;
				CLANG_WARN_CONSTANT_CONVERSION = YES;
				CLANG_WARN_DEPRECATED_OBJC_IMPLEMENTATIONS = YES;
				CLANG_WARN_DIRECT_OBJC_ISA_USAGE = YES_ERROR;
				CLANG_WARN_DOCUMENTATION_COMMENTS = YES;
				CLANG_WARN_EMPTY_BODY = YES;
				CLANG_WARN_ENUM_CONVERSION = YES;
				CLANG_WARN_INFINITE_RECURSION = YES;
				CLANG_WARN_INT_CONVERSION = YES;
				CLANG_WARN_NON_LITERAL_NULL_CONVERSION = YES;
				CLANG_WARN_OBJC_IMPLICIT_RETAIN_SELF = YES;
				CLANG_WARN_OBJC_LITERAL_CONVERSION = YES;
				CLANG_WARN_OBJC_ROOT_CLASS = YES_ERROR;
				CLANG_WARN_QUOTED_INCLUDE_IN_FRAMEWORK_HEADER = YES;
				CLANG_WARN_RANGE_LOOP_ANALYSIS = YES;
				CLANG_WARN_STRICT_PROTOTYPES = YES;
				CLANG_WARN_SUSPICIOUS_MOVE = YES;
				CLANG_WARN_UNGUARDED_AVAILABILITY = YES_AGGRESSIVE;
				CLANG_WARN_UNREACHABLE_CODE = YES;
				CLANG_WARN__DUPLICATE_METHOD_MATCH = YES;
				COPY_PHASE_STRIP = NO;
				DEBUG_INFORMATION_FORMAT = dwarf;
				ENABLE_STRICT_OBJC_MSGSEND = YES;
				ENABLE_TESTABILITY = YES;
				ENABLE_USER_SCRIPT_SANDBOXING = YES;
				GCC_C_LANGUAGE_STANDARD = gnu17;
				GCC_DYNAMIC_NO_PIC = NO;
				GCC_NO_COMMON_BLOCKS = YES;
				GCC_OPTIMIZATION_LEVEL = 0;
				GCC_PREPROCESSOR_DEFINITIONS = (
					"DEBUG=1",
					"$(inherited)",
				);
				GCC_WARN_64_TO_32_BIT_CONVERSION = YES;
				GCC_WARN_ABOUT_RETURN_TYPE = YES_ERROR;
				GCC_WARN_UNDECLARED_SELECTOR = YES;
				GCC_WARN_UNINITIALIZED_AUTOS = YES_AGGRESSIVE;
				GCC_WARN_UNUSED_FUNCTION = YES;
				GCC_WARN_UNUSED_VARIABLE = YES;
				IPHONEOS_DEPLOYMENT_TARGET = 17.2;
				LOCALIZATION_PREFERS_STRING_CATALOGS = YES;
				MTL_ENABLE_DEBUG_INFO = INCLUDE_SOURCE;
				MTL_FAST_MATH = YES;
				ONLY_ACTIVE_ARCH = YES;
				SDKROOT = iphoneos;
				SWIFT_ACTIVE_COMPILATION_CONDITIONS = "DEBUG $(inherited)";
				SWIFT_OPTIMIZATION_LEVEL = "-Onone";
			};
			name = Debug;
		};
		493AB0802CC024D2008ABA00 /* Release */ = {
			isa = XCBuildConfiguration;
			buildSettings = {
				ALWAYS_SEARCH_USER_PATHS = NO;
				ASSETCATALOG_COMPILER_GENERATE_SWIFT_ASSET_SYMBOL_EXTENSIONS = YES;
				CLANG_ANALYZER_NONNULL = YES;
				CLANG_ANALYZER_NUMBER_OBJECT_CONVERSION = YES_AGGRESSIVE;
				CLANG_CXX_LANGUAGE_STANDARD = "gnu++20";
				CLANG_ENABLE_MODULES = YES;
				CLANG_ENABLE_OBJC_ARC = YES;
				CLANG_ENABLE_OBJC_WEAK = YES;
				CLANG_WARN_BLOCK_CAPTURE_AUTORELEASING = YES;
				CLANG_WARN_BOOL_CONVERSION = YES;
				CLANG_WARN_COMMA = YES;
				CLANG_WARN_CONSTANT_CONVERSION = YES;
				CLANG_WARN_DEPRECATED_OBJC_IMPLEMENTATIONS = YES;
				CLANG_WARN_DIRECT_OBJC_ISA_USAGE = YES_ERROR;
				CLANG_WARN_DOCUMENTATION_COMMENTS = YES;
				CLANG_WARN_EMPTY_BODY = YES;
				CLANG_WARN_ENUM_CONVERSION = YES;
				CLANG_WARN_INFINITE_RECURSION = YES;
				CLANG_WARN_INT_CONVERSION = YES;
				CLANG_WARN_NON_LITERAL_NULL_CONVERSION = YES;
				CLANG_WARN_OBJC_IMPLICIT_RETAIN_SELF = YES;
				CLANG_WARN_OBJC_LITERAL_CONVERSION = YES;
				CLANG_WARN_OBJC_ROOT_CLASS = YES_ERROR;
				CLANG_WARN_QUOTED_INCLUDE_IN_FRAMEWORK_HEADER = YES;
				CLANG_WARN_RANGE_LOOP_ANALYSIS = YES;
				CLANG_WARN_STRICT_PROTOTYPES = YES;
				CLANG_WARN_SUSPICIOUS_MOVE = YES;
				CLANG_WARN_UNGUARDED_AVAILABILITY = YES_AGGRESSIVE;
				CLANG_WARN_UNREACHABLE_CODE = YES;
				CLANG_WARN__DUPLICATE_METHOD_MATCH = YES;
				COPY_PHASE_STRIP = NO;
				DEBUG_INFORMATION_FORMAT = "dwarf-with-dsym";
				ENABLE_NS_ASSERTIONS = NO;
				ENABLE_STRICT_OBJC_MSGSEND = YES;
				ENABLE_USER_SCRIPT_SANDBOXING = YES;
				GCC_C_LANGUAGE_STANDARD = gnu17;
				GCC_NO_COMMON_BLOCKS = YES;
				GCC_WARN_64_TO_32_BIT_CONVERSION = YES;
				GCC_WARN_ABOUT_RETURN_TYPE = YES_ERROR;
				GCC_WARN_UNDECLARED_SELECTOR = YES;
				GCC_WARN_UNINITIALIZED_AUTOS = YES_AGGRESSIVE;
				GCC_WARN_UNUSED_FUNCTION = YES;
				GCC_WARN_UNUSED_VARIABLE = YES;
				IPHONEOS_DEPLOYMENT_TARGET = 17.2;
				LOCALIZATION_PREFERS_STRING_CATALOGS = YES;
				MTL_ENABLE_DEBUG_INFO = NO;
				MTL_FAST_MATH = YES;
				SDKROOT = iphoneos;
				SWIFT_COMPILATION_MODE = wholemodule;
				VALIDATE_PRODUCT = YES;
			};
			name = Release;
		};
		493AB0822CC024D2008ABA00 /* Debug */ = {
			isa = XCBuildConfiguration;
			buildSettings = {
				ASSETCATALOG_COMPILER_APPICON_NAME = AppIcon;
				ASSETCATALOG_COMPILER_GLOBAL_ACCENT_COLOR_NAME = AccentColor;
				CODE_SIGN_STYLE = Automatic;
				CURRENT_PROJECT_VERSION = 1;
				DEVELOPMENT_ASSET_PATHS = "\"ShimmeringText/Preview Content\"";
				ENABLE_PREVIEWS = YES;
				GENERATE_INFOPLIST_FILE = YES;
				INFOPLIST_KEY_UIApplicationSceneManifest_Generation = YES;
				INFOPLIST_KEY_UIApplicationSupportsIndirectInputEvents = YES;
				INFOPLIST_KEY_UILaunchScreen_Generation = YES;
				INFOPLIST_KEY_UISupportedInterfaceOrientations_iPad = "UIInterfaceOrientationPortrait UIInterfaceOrientationPortraitUpsideDown UIInterfaceOrientationLandscapeLeft UIInterfaceOrientationLandscapeRight";
				INFOPLIST_KEY_UISupportedInterfaceOrientations_iPhone = "UIInterfaceOrientationPortrait UIInterfaceOrientationLandscapeLeft UIInterfaceOrientationLandscapeRight";
				LD_RUNPATH_SEARCH_PATHS = (
					"$(inherited)",
					"@executable_path/Frameworks",
				);
				MARKETING_VERSION = 1.0;
				PRODUCT_BUNDLE_IDENTIFIER = Animations.ShimmeringText;
				PRODUCT_NAME = "$(TARGET_NAME)";
				SWIFT_EMIT_LOC_STRINGS = YES;
				SWIFT_VERSION = 5.0;
				TARGETED_DEVICE_FAMILY = "1,2";
			};
			name = Debug;
		};
		493AB0832CC024D2008ABA00 /* Release */ = {
			isa = XCBuildConfiguration;
			buildSettings = {
				ASSETCATALOG_COMPILER_APPICON_NAME = AppIcon;
				ASSETCATALOG_COMPILER_GLOBAL_ACCENT_COLOR_NAME = AccentColor;
				CODE_SIGN_STYLE = Automatic;
				CURRENT_PROJECT_VERSION = 1;
				DEVELOPMENT_ASSET_PATHS = "\"ShimmeringText/Preview Content\"";
				ENABLE_PREVIEWS = YES;
				GENERATE_INFOPLIST_FILE = YES;
				INFOPLIST_KEY_UIApplicationSceneManifest_Generation = YES;
				INFOPLIST_KEY_UIApplicationSupportsIndirectInputEvents = YES;
				INFOPLIST_KEY_UILaunchScreen_Generation = YES;
				INFOPLIST_KEY_UISupportedInterfaceOrientations_iPad = "UIInterfaceOrientationPortrait UIInterfaceOrientationPortraitUpsideDown UIInterfaceOrientationLandscapeLeft UIInterfaceOrientationLandscapeRight";
				INFOPLIST_KEY_UISupportedInterfaceOrientations_iPhone = "UIInterfaceOrientationPortrait UIInterfaceOrientationLandscapeLeft UIInterfaceOrientationLandscapeRight";
				LD_RUNPATH_SEARCH_PATHS = (
					"$(inherited)",
					"@executable_path/Frameworks",
				);
				MARKETING_VERSION = 1.0;
				PRODUCT_BUNDLE_IDENTIFIER = Animations.ShimmeringText;
				PRODUCT_NAME = "$(TARGET_NAME)";
				SWIFT_EMIT_LOC_STRINGS = YES;
				SWIFT_VERSION = 5.0;
				TARGETED_DEVICE_FAMILY = "1,2";
			};
			name = Release;
		};
		493AB0852CC024D2008ABA00 /* Debug */ = {
			isa = XCBuildConfiguration;
			buildSettings = {
				ALWAYS_EMBED_SWIFT_STANDARD_LIBRARIES = YES;
				BUNDLE_LOADER = "$(TEST_HOST)";
				CODE_SIGN_STYLE = Automatic;
				CURRENT_PROJECT_VERSION = 1;
				GENERATE_INFOPLIST_FILE = YES;
				IPHONEOS_DEPLOYMENT_TARGET = 17.2;
				MARKETING_VERSION = 1.0;
				PRODUCT_BUNDLE_IDENTIFIER = Animations.ShimmeringTextTests;
				PRODUCT_NAME = "$(TARGET_NAME)";
				SWIFT_EMIT_LOC_STRINGS = NO;
				SWIFT_VERSION = 5.0;
				TARGETED_DEVICE_FAMILY = "1,2";
				TEST_HOST = "$(BUILT_PRODUCTS_DIR)/ShimmeringText.app/$(BUNDLE_EXECUTABLE_FOLDER_PATH)/ShimmeringText";
			};
			name = Debug;
		};
		493AB0862CC024D2008ABA00 /* Release */ = {
			isa = XCBuildConfiguration;
			buildSettings = {
				ALWAYS_EMBED_SWIFT_STANDARD_LIBRARIES = YES;
				BUNDLE_LOADER = "$(TEST_HOST)";
				CODE_SIGN_STYLE = Automatic;
				CURRENT_PROJECT_VERSION = 1;
				GENERATE_INFOPLIST_FILE = YES;
				IPHONEOS_DEPLOYMENT_TARGET = 17.2;
				MARKETING_VERSION = 1.0;
				PRODUCT_BUNDLE_IDENTIFIER = Animations.ShimmeringTextTests;
				PRODUCT_NAME = "$(TARGET_NAME)";
				SWIFT_EMIT_LOC_STRINGS = NO;
				SWIFT_VERSION = 5.0;
				TARGETED_DEVICE_FAMILY = "1,2";
				TEST_HOST = "$(BUILT_PRODUCTS_DIR)/ShimmeringText.app/$(BUNDLE_EXECUTABLE_FOLDER_PATH)/ShimmeringText";
			};
			name = Release;
		};
		493AB0882CC024D2008ABA00 /* Debug */ = {
			isa = XCBuildConfiguration;
			buildSettings = {
				ALWAYS_EMBED_SWIFT_STANDARD_LIBRARIES = YES;
				CODE_SIGN_STYLE = Automatic;
				CURRENT_PROJECT_VERSION = 1;
				GENERATE_INFOPLIST_FILE = YES;
				MARKETING_VERSION = 1.0;
				PRODUCT_BUNDLE_IDENTIFIER = Animations.ShimmeringTextUITests;
				PRODUCT_NAME = "$(TARGET_NAME)";
				SWIFT_EMIT_LOC_STRINGS = NO;
				SWIFT_VERSION = 5.0;
				TARGETED_DEVICE_FAMILY = "1,2";
				TEST_TARGET_NAME = ShimmeringText;
			};
			name = Debug;
		};
		493AB0892CC024D2008ABA00 /* Release */ = {
			isa = XCBuildConfiguration;
			buildSettings = {
				ALWAYS_EMBED_SWIFT_STANDARD_LIBRARIES = YES;
				CODE_SIGN_STYLE = Automatic;
				CURRENT_PROJECT_VERSION = 1;
				GENERATE_INFOPLIST_FILE = YES;
				MARKETING_VERSION = 1.0;
				PRODUCT_BUNDLE_IDENTIFIER = Animations.ShimmeringTextUITests;
				PRODUCT_NAME = "$(TARGET_NAME)";
				SWIFT_EMIT_LOC_STRINGS = NO;
				SWIFT_VERSION = 5.0;
				TARGETED_DEVICE_FAMILY = "1,2";
				TEST_TARGET_NAME = ShimmeringText;
			};
			name = Release;
		};
/* End XCBuildConfiguration section */

/* Begin XCConfigurationList section */
		493AB0582CC024D1008ABA00 /* Build configuration list for PBXProject "ShimmeringText" */ = {
			isa = XCConfigurationList;
			buildConfigurations = (
				493AB07F2CC024D2008ABA00 /* Debug */,
				493AB0802CC024D2008ABA00 /* Release */,
			);
			defaultConfigurationIsVisible = 0;
			defaultConfigurationName = Release;
		};
		493AB0812CC024D2008ABA00 /* Build configuration list for PBXNativeTarget "ShimmeringText" */ = {
			isa = XCConfigurationList;
			buildConfigurations = (
				493AB0822CC024D2008ABA00 /* Debug */,
				493AB0832CC024D2008ABA00 /* Release */,
			);
			defaultConfigurationIsVisible = 0;
			defaultConfigurationName = Release;
		};
		493AB0842CC024D2008ABA00 /* Build configuration list for PBXNativeTarget "ShimmeringTextTests" */ = {
			isa = XCConfigurationList;
			buildConfigurations = (
				493AB0852CC024D2008ABA00 /* Debug */,
				493AB0862CC024D2008ABA00 /* Release */,
			);
			defaultConfigurationIsVisible = 0;
			defaultConfigurationName = Release;
		};
		493AB0872CC024D2008ABA00 /* Build configuration list for PBXNativeTarget "ShimmeringTextUITests" */ = {
			isa = XCConfigurationList;
			buildConfigurations = (
				493AB0882CC024D2008ABA00 /* Debug */,
				493AB0892CC024D2008ABA00 /* Release */,
			);
			defaultConfigurationIsVisible = 0;
			defaultConfigurationName = Release;
		};
/* End XCConfigurationList section */
	};
	rootObject = 493AB0552CC024D1008ABA00 /* Project object */;
}
